// !$*UTF8*$!
{
	archiveVersion = 1;
	classes = {
	};
	objectVersion = 77;
	objects = {

/* Begin PBXContainerItemProxy section */
		3C97ED732D7AE99300A7EC31 /* PBXContainerItemProxy */ = {
			isa = PBXContainerItemProxy;
			containerPortal = 3C97ED592D7AE99200A7EC31 /* Project object */;
			proxyType = 1;
			remoteGlobalIDString = 3C97ED602D7AE99200A7EC31;
			remoteInfo = "bouldering-buddies";
		};
		3C97ED7D2D7AE99300A7EC31 /* PBXContainerItemProxy */ = {
			isa = PBXContainerItemProxy;
			containerPortal = 3C97ED592D7AE99200A7EC31 /* Project object */;
			proxyType = 1;
			remoteGlobalIDString = 3C97ED602D7AE99200A7EC31;
			remoteInfo = "bouldering-buddies";
		};
/* End PBXContainerItemProxy section */

/* Begin PBXFileReference section */
		3C97ED612D7AE99200A7EC31 /* bouldering-buddies.app */ = {isa = PBXFileReference; explicitFileType = wrapper.application; includeInIndex = 0; path = "bouldering-buddies.app"; sourceTree = BUILT_PRODUCTS_DIR; };
		3C97ED722D7AE99300A7EC31 /* bouldering-buddiesTests.xctest */ = {isa = PBXFileReference; explicitFileType = wrapper.cfbundle; includeInIndex = 0; path = "bouldering-buddiesTests.xctest"; sourceTree = BUILT_PRODUCTS_DIR; };
		3C97ED7C2D7AE99300A7EC31 /* bouldering-buddiesUITests.xctest */ = {isa = PBXFileReference; explicitFileType = wrapper.cfbundle; includeInIndex = 0; path = "bouldering-buddiesUITests.xctest"; sourceTree = BUILT_PRODUCTS_DIR; };
/* End PBXFileReference section */

/* Begin PBXFileSystemSynchronizedRootGroup section */
		3C97ED632D7AE99200A7EC31 /* bouldering-buddies */ = {
			isa = PBXFileSystemSynchronizedRootGroup;
			path = "bouldering-buddies";
			sourceTree = "<group>";
		};
		3C97ED752D7AE99300A7EC31 /* bouldering-buddiesTests */ = {
			isa = PBXFileSystemSynchronizedRootGroup;
			path = "bouldering-buddiesTests";
			sourceTree = "<group>";
		};
		3C97ED7F2D7AE99300A7EC31 /* bouldering-buddiesUITests */ = {
			isa = PBXFileSystemSynchronizedRootGroup;
			path = "bouldering-buddiesUITests";
			sourceTree = "<group>";
		};
/* End PBXFileSystemSynchronizedRootGroup section */

/* Begin PBXFrameworksBuildPhase section */
		3C97ED5E2D7AE99200A7EC31 /* Frameworks */ = {
			isa = PBXFrameworksBuildPhase;
			buildActionMask = 2147483647;
			files = (
			);
			runOnlyForDeploymentPostprocessing = 0;
		};
		3C97ED6F2D7AE99300A7EC31 /* Frameworks */ = {
			isa = PBXFrameworksBuildPhase;
			buildActionMask = 2147483647;
			files = (
			);
			runOnlyForDeploymentPostprocessing = 0;
		};
		3C97ED792D7AE99300A7EC31 /* Frameworks */ = {
			isa = PBXFrameworksBuildPhase;
			buildActionMask = 2147483647;
			files = (
			);
			runOnlyForDeploymentPostprocessing = 0;
		};
/* End PBXFrameworksBuildPhase section */

/* Begin PBXGroup section */
		3C97ED582D7AE99200A7EC31 = {
			isa = PBXGroup;
			children = (
				3C97ED632D7AE99200A7EC31 /* bouldering-buddies */,
				3C97ED752D7AE99300A7EC31 /* bouldering-buddiesTests */,
				3C97ED7F2D7AE99300A7EC31 /* bouldering-buddiesUITests */,
				3C97ED622D7AE99200A7EC31 /* Products */,
			);
			sourceTree = "<group>";
		};
		3C97ED622D7AE99200A7EC31 /* Products */ = {
			isa = PBXGroup;
			children = (
				3C97ED612D7AE99200A7EC31 /* bouldering-buddies.app */,
				3C97ED722D7AE99300A7EC31 /* bouldering-buddiesTests.xctest */,
				3C97ED7C2D7AE99300A7EC31 /* bouldering-buddiesUITests.xctest */,
			);
			name = Products;
			sourceTree = "<group>";
		};
/* End PBXGroup section */

/* Begin PBXNativeTarget section */
		3C97ED602D7AE99200A7EC31 /* bouldering-buddies */ = {
			isa = PBXNativeTarget;
			buildConfigurationList = 3C97ED862D7AE99300A7EC31 /* Build configuration list for PBXNativeTarget "bouldering-buddies" */;
			buildPhases = (
				3C97ED5D2D7AE99200A7EC31 /* Sources */,
				3C97ED5E2D7AE99200A7EC31 /* Frameworks */,
				3C97ED5F2D7AE99200A7EC31 /* Resources */,
			);
			buildRules = (
			);
			dependencies = (
			);
			fileSystemSynchronizedGroups = (
				3C97ED632D7AE99200A7EC31 /* bouldering-buddies */,
			);
			name = "bouldering-buddies";
			packageProductDependencies = (
			);
			productName = "bouldering-buddies";
			productReference = 3C97ED612D7AE99200A7EC31 /* bouldering-buddies.app */;
			productType = "com.apple.product-type.application";
		};
		3C97ED712D7AE99300A7EC31 /* bouldering-buddiesTests */ = {
			isa = PBXNativeTarget;
			buildConfigurationList = 3C97ED892D7AE99300A7EC31 /* Build configuration list for PBXNativeTarget "bouldering-buddiesTests" */;
			buildPhases = (
				3C97ED6E2D7AE99300A7EC31 /* Sources */,
				3C97ED6F2D7AE99300A7EC31 /* Frameworks */,
				3C97ED702D7AE99300A7EC31 /* Resources */,
			);
			buildRules = (
			);
			dependencies = (
				3C97ED742D7AE99300A7EC31 /* PBXTargetDependency */,
			);
			fileSystemSynchronizedGroups = (
				3C97ED752D7AE99300A7EC31 /* bouldering-buddiesTests */,
			);
			name = "bouldering-buddiesTests";
			packageProductDependencies = (
			);
			productName = "bouldering-buddiesTests";
			productReference = 3C97ED722D7AE99300A7EC31 /* bouldering-buddiesTests.xctest */;
			productType = "com.apple.product-type.bundle.unit-test";
		};
		3C97ED7B2D7AE99300A7EC31 /* bouldering-buddiesUITests */ = {
			isa = PBXNativeTarget;
			buildConfigurationList = 3C97ED8C2D7AE99300A7EC31 /* Build configuration list for PBXNativeTarget "bouldering-buddiesUITests" */;
			buildPhases = (
				3C97ED782D7AE99300A7EC31 /* Sources */,
				3C97ED792D7AE99300A7EC31 /* Frameworks */,
				3C97ED7A2D7AE99300A7EC31 /* Resources */,
			);
			buildRules = (
			);
			dependencies = (
				3C97ED7E2D7AE99300A7EC31 /* PBXTargetDependency */,
			);
			fileSystemSynchronizedGroups = (
				3C97ED7F2D7AE99300A7EC31 /* bouldering-buddiesUITests */,
			);
			name = "bouldering-buddiesUITests";
			packageProductDependencies = (
			);
			productName = "bouldering-buddiesUITests";
			productReference = 3C97ED7C2D7AE99300A7EC31 /* bouldering-buddiesUITests.xctest */;
			productType = "com.apple.product-type.bundle.ui-testing";
		};
/* End PBXNativeTarget section */

/* Begin PBXProject section */
		3C97ED592D7AE99200A7EC31 /* Project object */ = {
			isa = PBXProject;
			attributes = {
				BuildIndependentTargetsInParallel = 1;
				LastSwiftUpdateCheck = 1620;
				LastUpgradeCheck = 1620;
				TargetAttributes = {
					3C97ED602D7AE99200A7EC31 = {
						CreatedOnToolsVersion = 16.2;
					};
					3C97ED712D7AE99300A7EC31 = {
						CreatedOnToolsVersion = 16.2;
						TestTargetID = 3C97ED602D7AE99200A7EC31;
					};
					3C97ED7B2D7AE99300A7EC31 = {
						CreatedOnToolsVersion = 16.2;
						TestTargetID = 3C97ED602D7AE99200A7EC31;
					};
				};
			};
			buildConfigurationList = 3C97ED5C2D7AE99200A7EC31 /* Build configuration list for PBXProject "bouldering-buddies" */;
			developmentRegion = en;
			hasScannedForEncodings = 0;
			knownRegions = (
				en,
				Base,
			);
			mainGroup = 3C97ED582D7AE99200A7EC31;
			minimizedProjectReferenceProxies = 1;
			preferredProjectObjectVersion = 77;
			productRefGroup = 3C97ED622D7AE99200A7EC31 /* Products */;
			projectDirPath = "";
			projectRoot = "";
			targets = (
				3C97ED602D7AE99200A7EC31 /* bouldering-buddies */,
				3C97ED712D7AE99300A7EC31 /* bouldering-buddiesTests */,
				3C97ED7B2D7AE99300A7EC31 /* bouldering-buddiesUITests */,
			);
		};
/* End PBXProject section */

/* Begin PBXResourcesBuildPhase section */
		3C97ED5F2D7AE99200A7EC31 /* Resources */ = {
			isa = PBXResourcesBuildPhase;
			buildActionMask = 2147483647;
			files = (
			);
			runOnlyForDeploymentPostprocessing = 0;
		};
		3C97ED702D7AE99300A7EC31 /* Resources */ = {
			isa = PBXResourcesBuildPhase;
			buildActionMask = 2147483647;
			files = (
			);
			runOnlyForDeploymentPostprocessing = 0;
		};
		3C97ED7A2D7AE99300A7EC31 /* Resources */ = {
			isa = PBXResourcesBuildPhase;
			buildActionMask = 2147483647;
			files = (
			);
			runOnlyForDeploymentPostprocessing = 0;
		};
/* End PBXResourcesBuildPhase section */

/* Begin PBXSourcesBuildPhase section */
		3C97ED5D2D7AE99200A7EC31 /* Sources */ = {
			isa = PBXSourcesBuildPhase;
			buildActionMask = 2147483647;
			files = (
			);
			runOnlyForDeploymentPostprocessing = 0;
		};
		3C97ED6E2D7AE99300A7EC31 /* Sources */ = {
			isa = PBXSourcesBuildPhase;
			buildActionMask = 2147483647;
			files = (
			);
			runOnlyForDeploymentPostprocessing = 0;
		};
		3C97ED782D7AE99300A7EC31 /* Sources */ = {
			isa = PBXSourcesBuildPhase;
			buildActionMask = 2147483647;
			files = (
			);
			runOnlyForDeploymentPostprocessing = 0;
		};
/* End PBXSourcesBuildPhase section */

/* Begin PBXTargetDependency section */
		3C97ED742D7AE99300A7EC31 /* PBXTargetDependency */ = {
			isa = PBXTargetDependency;
			target = 3C97ED602D7AE99200A7EC31 /* bouldering-buddies */;
			targetProxy = 3C97ED732D7AE99300A7EC31 /* PBXContainerItemProxy */;
		};
		3C97ED7E2D7AE99300A7EC31 /* PBXTargetDependency */ = {
			isa = PBXTargetDependency;
			target = 3C97ED602D7AE99200A7EC31 /* bouldering-buddies */;
			targetProxy = 3C97ED7D2D7AE99300A7EC31 /* PBXContainerItemProxy */;
		};
/* End PBXTargetDependency section */

/* Begin XCBuildConfiguration section */
		3C97ED842D7AE99300A7EC31 /* Debug */ = {
			isa = XCBuildConfiguration;
			buildSettings = {
				ALWAYS_SEARCH_USER_PATHS = NO;
				ASSETCATALOG_COMPILER_GENERATE_SWIFT_ASSET_SYMBOL_EXTENSIONS = YES;
				CLANG_ANALYZER_NONNULL = YES;
				CLANG_ANALYZER_NUMBER_OBJECT_CONVERSION = YES_AGGRESSIVE;
				CLANG_CXX_LANGUAGE_STANDARD = "gnu++20";
				CLANG_ENABLE_MODULES = YES;
				CLANG_ENABLE_OBJC_ARC = YES;
				CLANG_ENABLE_OBJC_WEAK = YES;
				CLANG_WARN_BLOCK_CAPTURE_AUTORELEASING = YES;
				CLANG_WARN_BOOL_CONVERSION = YES;
				CLANG_WARN_COMMA = YES;
				CLANG_WARN_CONSTANT_CONVERSION = YES;
				CLANG_WARN_DEPRECATED_OBJC_IMPLEMENTATIONS = YES;
				CLANG_WARN_DIRECT_OBJC_ISA_USAGE = YES_ERROR;
				CLANG_WARN_DOCUMENTATION_COMMENTS = YES;
				CLANG_WARN_EMPTY_BODY = YES;
				CLANG_WARN_ENUM_CONVERSION = YES;
				CLANG_WARN_INFINITE_RECURSION = YES;
				CLANG_WARN_INT_CONVERSION = YES;
				CLANG_WARN_NON_LITERAL_NULL_CONVERSION = YES;
				CLANG_WARN_OBJC_IMPLICIT_RETAIN_SELF = YES;
				CLANG_WARN_OBJC_LITERAL_CONVERSION = YES;
				CLANG_WARN_OBJC_ROOT_CLASS = YES_ERROR;
				CLANG_WARN_QUOTED_INCLUDE_IN_FRAMEWORK_HEADER = YES;
				CLANG_WARN_RANGE_LOOP_ANALYSIS = YES;
				CLANG_WARN_STRICT_PROTOTYPES = YES;
				CLANG_WARN_SUSPICIOUS_MOVE = YES;
				CLANG_WARN_UNGUARDED_AVAILABILITY = YES_AGGRESSIVE;
				CLANG_WARN_UNREACHABLE_CODE = YES;
				CLANG_WARN__DUPLICATE_METHOD_MATCH = YES;
				COPY_PHASE_STRIP = NO;
				DEBUG_INFORMATION_FORMAT = dwarf;
				ENABLE_STRICT_OBJC_MSGSEND = YES;
				ENABLE_TESTABILITY = YES;
				ENABLE_USER_SCRIPT_SANDBOXING = YES;
				GCC_C_LANGUAGE_STANDARD = gnu17;
				GCC_DYNAMIC_NO_PIC = NO;
				GCC_NO_COMMON_BLOCKS = YES;
				GCC_OPTIMIZATION_LEVEL = 0;
				GCC_PREPROCESSOR_DEFINITIONS = (
					"DEBUG=1",
					"$(inherited)",
				);
				GCC_WARN_64_TO_32_BIT_CONVERSION = YES;
				GCC_WARN_ABOUT_RETURN_TYPE = YES_ERROR;
				GCC_WARN_UNDECLARED_SELECTOR = YES;
				GCC_WARN_UNINITIALIZED_AUTOS = YES_AGGRESSIVE;
				GCC_WARN_UNUSED_FUNCTION = YES;
				GCC_WARN_UNUSED_VARIABLE = YES;
				LOCALIZATION_PREFERS_STRING_CATALOGS = YES;
				MACOSX_DEPLOYMENT_TARGET = 15.1;
				MTL_ENABLE_DEBUG_INFO = INCLUDE_SOURCE;
				MTL_FAST_MATH = YES;
				ONLY_ACTIVE_ARCH = YES;
				SDKROOT = macosx;
				SWIFT_ACTIVE_COMPILATION_CONDITIONS = "DEBUG $(inherited)";
				SWIFT_OPTIMIZATION_LEVEL = "-Onone";
			};
			name = Debug;
		};
		3C97ED852D7AE99300A7EC31 /* Release */ = {
			isa = XCBuildConfiguration;
			buildSettings = {
				ALWAYS_SEARCH_USER_PATHS = NO;
				ASSETCATALOG_COMPILER_GENERATE_SWIFT_ASSET_SYMBOL_EXTENSIONS = YES;
				CLANG_ANALYZER_NONNULL = YES;
				CLANG_ANALYZER_NUMBER_OBJECT_CONVERSION = YES_AGGRESSIVE;
				CLANG_CXX_LANGUAGE_STANDARD = "gnu++20";
				CLANG_ENABLE_MODULES = YES;
				CLANG_ENABLE_OBJC_ARC = YES;
				CLANG_ENABLE_OBJC_WEAK = YES;
				CLANG_WARN_BLOCK_CAPTURE_AUTORELEASING = YES;
				CLANG_WARN_BOOL_CONVERSION = YES;
				CLANG_WARN_COMMA = YES;
				CLANG_WARN_CONSTANT_CONVERSION = YES;
				CLANG_WARN_DEPRECATED_OBJC_IMPLEMENTATIONS = YES;
				CLANG_WARN_DIRECT_OBJC_ISA_USAGE = YES_ERROR;
				CLANG_WARN_DOCUMENTATION_COMMENTS = YES;
				CLANG_WARN_EMPTY_BODY = YES;
				CLANG_WARN_ENUM_CONVERSION = YES;
				CLANG_WARN_INFINITE_RECURSION = YES;
				CLANG_WARN_INT_CONVERSION = YES;
				CLANG_WARN_NON_LITERAL_NULL_CONVERSION = YES;
				CLANG_WARN_OBJC_IMPLICIT_RETAIN_SELF = YES;
				CLANG_WARN_OBJC_LITERAL_CONVERSION = YES;
				CLANG_WARN_OBJC_ROOT_CLASS = YES_ERROR;
				CLANG_WARN_QUOTED_INCLUDE_IN_FRAMEWORK_HEADER = YES;
				CLANG_WARN_RANGE_LOOP_ANALYSIS = YES;
				CLANG_WARN_STRICT_PROTOTYPES = YES;
				CLANG_WARN_SUSPICIOUS_MOVE = YES;
				CLANG_WARN_UNGUARDED_AVAILABILITY = YES_AGGRESSIVE;
				CLANG_WARN_UNREACHABLE_CODE = YES;
				CLANG_WARN__DUPLICATE_METHOD_MATCH = YES;
				COPY_PHASE_STRIP = NO;
				DEBUG_INFORMATION_FORMAT = "dwarf-with-dsym";
				ENABLE_NS_ASSERTIONS = NO;
				ENABLE_STRICT_OBJC_MSGSEND = YES;
				ENABLE_USER_SCRIPT_SANDBOXING = YES;
				GCC_C_LANGUAGE_STANDARD = gnu17;
				GCC_NO_COMMON_BLOCKS = YES;
				GCC_WARN_64_TO_32_BIT_CONVERSION = YES;
				GCC_WARN_ABOUT_RETURN_TYPE = YES_ERROR;
				GCC_WARN_UNDECLARED_SELECTOR = YES;
				GCC_WARN_UNINITIALIZED_AUTOS = YES_AGGRESSIVE;
				GCC_WARN_UNUSED_FUNCTION = YES;
				GCC_WARN_UNUSED_VARIABLE = YES;
				LOCALIZATION_PREFERS_STRING_CATALOGS = YES;
				MACOSX_DEPLOYMENT_TARGET = 15.1;
				MTL_ENABLE_DEBUG_INFO = NO;
				MTL_FAST_MATH = YES;
				SDKROOT = macosx;
				SWIFT_COMPILATION_MODE = wholemodule;
			};
			name = Release;
		};
		3C97ED872D7AE99300A7EC31 /* Debug */ = {
			isa = XCBuildConfiguration;
			buildSettings = {
				ASSETCATALOG_COMPILER_APPICON_NAME = AppIcon;
				ASSETCATALOG_COMPILER_GLOBAL_ACCENT_COLOR_NAME = AccentColor;
				CODE_SIGN_ENTITLEMENTS = "bouldering-buddies/bouldering_buddies.entitlements";
				CODE_SIGN_STYLE = Automatic;
				COMBINE_HIDPI_IMAGES = YES;
				CURRENT_PROJECT_VERSION = 1;
				DEVELOPMENT_ASSET_PATHS = "\"bouldering-buddies/Preview Content\"";
				ENABLE_PREVIEWS = YES;
				GENERATE_INFOPLIST_FILE = YES;
				INFOPLIST_KEY_NSHumanReadableCopyright = "";
				LD_RUNPATH_SEARCH_PATHS = (
					"$(inherited)",
					"@executable_path/../Frameworks",
				);
				MARKETING_VERSION = 1.0;
				PRODUCT_BUNDLE_IDENTIFIER = "bouldering.bouldering-buddies";
				PRODUCT_NAME = "$(TARGET_NAME)";
				SWIFT_EMIT_LOC_STRINGS = YES;
				SWIFT_VERSION = 5.0;
			};
			name = Debug;
		};
		3C97ED882D7AE99300A7EC31 /* Release */ = {
			isa = XCBuildConfiguration;
			buildSettings = {
				ASSETCATALOG_COMPILER_APPICON_NAME = AppIcon;
				ASSETCATALOG_COMPILER_GLOBAL_ACCENT_COLOR_NAME = AccentColor;
				CODE_SIGN_ENTITLEMENTS = "bouldering-buddies/bouldering_buddies.entitlements";
				CODE_SIGN_STYLE = Automatic;
				COMBINE_HIDPI_IMAGES = YES;
				CURRENT_PROJECT_VERSION = 1;
				DEVELOPMENT_ASSET_PATHS = "\"bouldering-buddies/Preview Content\"";
				ENABLE_PREVIEWS = YES;
				GENERATE_INFOPLIST_FILE = YES;
				INFOPLIST_KEY_NSHumanReadableCopyright = "";
				LD_RUNPATH_SEARCH_PATHS = (
					"$(inherited)",
					"@executable_path/../Frameworks",
				);
				MARKETING_VERSION = 1.0;
				PRODUCT_BUNDLE_IDENTIFIER = "bouldering.bouldering-buddies";
				PRODUCT_NAME = "$(TARGET_NAME)";
				SWIFT_EMIT_LOC_STRINGS = YES;
				SWIFT_VERSION = 5.0;
			};
			name = Release;
		};
		3C97ED8A2D7AE99300A7EC31 /* Debug */ = {
			isa = XCBuildConfiguration;
			buildSettings = {
				BUNDLE_LOADER = "$(TEST_HOST)";
				CODE_SIGN_STYLE = Automatic;
				CURRENT_PROJECT_VERSION = 1;
				GENERATE_INFOPLIST_FILE = YES;
				MACOSX_DEPLOYMENT_TARGET = 15.1;
				MARKETING_VERSION = 1.0;
				PRODUCT_BUNDLE_IDENTIFIER = "bouldering.bouldering-buddiesTests";
				PRODUCT_NAME = "$(TARGET_NAME)";
				SWIFT_EMIT_LOC_STRINGS = NO;
				SWIFT_VERSION = 5.0;
				TEST_HOST = "$(BUILT_PRODUCTS_DIR)/bouldering-buddies.app/$(BUNDLE_EXECUTABLE_FOLDER_PATH)/bouldering-buddies";
			};
			name = Debug;
		};
		3C97ED8B2D7AE99300A7EC31 /* Release */ = {
			isa = XCBuildConfiguration;
			buildSettings = {
				BUNDLE_LOADER = "$(TEST_HOST)";
				CODE_SIGN_STYLE = Automatic;
				CURRENT_PROJECT_VERSION = 1;
				GENERATE_INFOPLIST_FILE = YES;
				MACOSX_DEPLOYMENT_TARGET = 15.1;
				MARKETING_VERSION = 1.0;
				PRODUCT_BUNDLE_IDENTIFIER = "bouldering.bouldering-buddiesTests";
				PRODUCT_NAME = "$(TARGET_NAME)";
				SWIFT_EMIT_LOC_STRINGS = NO;
				SWIFT_VERSION = 5.0;
				TEST_HOST = "$(BUILT_PRODUCTS_DIR)/bouldering-buddies.app/$(BUNDLE_EXECUTABLE_FOLDER_PATH)/bouldering-buddies";
			};
			name = Release;
		};
		3C97ED8D2D7AE99300A7EC31 /* Debug */ = {
			isa = XCBuildConfiguration;
			buildSettings = {
				CODE_SIGN_STYLE = Automatic;
				CURRENT_PROJECT_VERSION = 1;
				GENERATE_INFOPLIST_FILE = YES;
				MARKETING_VERSION = 1.0;
				PRODUCT_BUNDLE_IDENTIFIER = "bouldering.bouldering-buddiesUITests";
				PRODUCT_NAME = "$(TARGET_NAME)";
				SWIFT_EMIT_LOC_STRINGS = NO;
				SWIFT_VERSION = 5.0;
				TEST_TARGET_NAME = "bouldering-buddies";
			};
			name = Debug;
		};
		3C97ED8E2D7AE99300A7EC31 /* Release */ = {
			isa = XCBuildConfiguration;
			buildSettings = {
				CODE_SIGN_STYLE = Automatic;
				CURRENT_PROJECT_VERSION = 1;
				GENERATE_INFOPLIST_FILE = YES;
				MARKETING_VERSION = 1.0;
				PRODUCT_BUNDLE_IDENTIFIER = "bouldering.bouldering-buddiesUITests";
				PRODUCT_NAME = "$(TARGET_NAME)";
				SWIFT_EMIT_LOC_STRINGS = NO;
				SWIFT_VERSION = 5.0;
				TEST_TARGET_NAME = "bouldering-buddies";
			};
			name = Release;
		};
/* End XCBuildConfiguration section */

/* Begin XCConfigurationList section */
		3C97ED5C2D7AE99200A7EC31 /* Build configuration list for PBXProject "bouldering-buddies" */ = {
			isa = XCConfigurationList;
			buildConfigurations = (
				3C97ED842D7AE99300A7EC31 /* Debug */,
				3C97ED852D7AE99300A7EC31 /* Release */,
			);
			defaultConfigurationIsVisible = 0;
			defaultConfigurationName = Release;
		};
		3C97ED862D7AE99300A7EC31 /* Build configuration list for PBXNativeTarget "bouldering-buddies" */ = {
			isa = XCConfigurationList;
			buildConfigurations = (
				3C97ED872D7AE99300A7EC31 /* Debug */,
				3C97ED882D7AE99300A7EC31 /* Release */,
			);
			defaultConfigurationIsVisible = 0;
			defaultConfigurationName = Release;
		};
		3C97ED892D7AE99300A7EC31 /* Build configuration list for PBXNativeTarget "bouldering-buddiesTests" */ = {
			isa = XCConfigurationList;
			buildConfigurations = (
				3C97ED8A2D7AE99300A7EC31 /* Debug */,
				3C97ED8B2D7AE99300A7EC31 /* Release */,
			);
			defaultConfigurationIsVisible = 0;
			defaultConfigurationName = Release;
		};
		3C97ED8C2D7AE99300A7EC31 /* Build configuration list for PBXNativeTarget "bouldering-buddiesUITests" */ = {
			isa = XCConfigurationList;
			buildConfigurations = (
				3C97ED8D2D7AE99300A7EC31 /* Debug */,
				3C97ED8E2D7AE99300A7EC31 /* Release */,
			);
			defaultConfigurationIsVisible = 0;
			defaultConfigurationName = Release;
		};
/* End XCConfigurationList section */
	};
	rootObject = 3C97ED592D7AE99200A7EC31 /* Project object */;
}
