{
  "name": "tryingLadderDiagrams",
  "lockfileVersion": 3,
  "requires": true,
  "packages": {
    "": {
      "dependencies": {
        "ladder-diagram": "^2.0.3"
      }
    },
    "node_modules/ladder-diagram": {
      "version": "2.0.3",
      "resolved": "https://registry.npmjs.org/ladder-diagram/-/ladder-diagram-2.0.3.tgz",
      "integrity": "sha512-U3o7dk5fivFaQO9DJq4iRfDCEUMV7WciNWKX/AsNjDYf5fq1tgsvfjp2bejRXAi9CJS1RMi6O2eVz2N/hWCYVA==",
      "license": "ISC"
    }
  }
}
